// !$*UTF8*$!
{
	archiveVersion = 1;
	classes = {
	};
	objectVersion = 56;
	objects = {

/* Begin PBXBuildFile section */
		B03C39262A95A8B600F4D29B /* chat_appApp.swift in Sources */ = {isa = PBXBuildFile; fileRef = B03C39252A95A8B600F4D29B /* chat_appApp.swift */; };
		B03C39282A95A8B600F4D29B /* ContentView.swift in Sources */ = {isa = PBXBuildFile; fileRef = B03C39272A95A8B600F4D29B /* ContentView.swift */; };
		B03C392A2A95A8B800F4D29B /* Assets.xcassets in Resources */ = {isa = PBXBuildFile; fileRef = B03C39292A95A8B800F4D29B /* Assets.xcassets */; };
		B03C392D2A95A8B800F4D29B /* Preview Assets.xcassets in Resources */ = {isa = PBXBuildFile; fileRef = B03C392C2A95A8B800F4D29B /* Preview Assets.xcassets */; };
		B03C39342A95A94400F4D29B /* Login.swift in Sources */ = {isa = PBXBuildFile; fileRef = B03C39332A95A94400F4D29B /* Login.swift */; };
		B07374032AB821ED00E12B4F /* IQKeyboardManagerSwift in Frameworks */ = {isa = PBXBuildFile; productRef = B07374022AB821ED00E12B4F /* IQKeyboardManagerSwift */; };
		B073740A2AB8298C00E12B4F /* Home.swift in Sources */ = {isa = PBXBuildFile; fileRef = B07374092AB8298C00E12B4F /* Home.swift */; };
		B075ABD22AB8365D0068D111 /* UITextView+Extension.swift in Sources */ = {isa = PBXBuildFile; fileRef = B075ABD12AB8365D0068D111 /* UITextView+Extension.swift */; };
		B075ABD42AB838670068D111 /* Button+Extension.swift in Sources */ = {isa = PBXBuildFile; fileRef = B075ABD32AB838670068D111 /* Button+Extension.swift */; };
		B0ECC9D62A9EDCAE00A687C8 /* GoogleService-Info.plist in Resources */ = {isa = PBXBuildFile; fileRef = B0ECC9D52A9EDCAD00A687C8 /* GoogleService-Info.plist */; };
		B0ECC9D92A9EDCD900A687C8 /* FirebaseManager.swift in Sources */ = {isa = PBXBuildFile; fileRef = B0ECC9D82A9EDCD900A687C8 /* FirebaseManager.swift */; };
		B0F93A422A9EE3ED001B7614 /* FirebaseAnalytics in Frameworks */ = {isa = PBXBuildFile; productRef = B0F93A412A9EE3ED001B7614 /* FirebaseAnalytics */; };
		B0F93A442A9EE3ED001B7614 /* FirebaseAnalyticsSwift in Frameworks */ = {isa = PBXBuildFile; productRef = B0F93A432A9EE3ED001B7614 /* FirebaseAnalyticsSwift */; };
		B0F93A462A9EE3ED001B7614 /* FirebaseAnalyticsWithoutAdIdSupport in Frameworks */ = {isa = PBXBuildFile; productRef = B0F93A452A9EE3ED001B7614 /* FirebaseAnalyticsWithoutAdIdSupport */; };
		B0F93A482A9EE3ED001B7614 /* FirebaseCrashlytics in Frameworks */ = {isa = PBXBuildFile; productRef = B0F93A472A9EE3ED001B7614 /* FirebaseCrashlytics */; };
		B0F93A4A2A9EE3ED001B7614 /* FirebaseFirestore in Frameworks */ = {isa = PBXBuildFile; productRef = B0F93A492A9EE3ED001B7614 /* FirebaseFirestore */; };
		B0F93A4C2A9EE3ED001B7614 /* FirebaseFirestoreSwift in Frameworks */ = {isa = PBXBuildFile; productRef = B0F93A4B2A9EE3ED001B7614 /* FirebaseFirestoreSwift */; };
		B0F93A4E2A9EE3ED001B7614 /* FirebaseMessaging in Frameworks */ = {isa = PBXBuildFile; productRef = B0F93A4D2A9EE3ED001B7614 /* FirebaseMessaging */; };
		B0F93A502A9EE3ED001B7614 /* FirebaseStorage in Frameworks */ = {isa = PBXBuildFile; productRef = B0F93A4F2A9EE3ED001B7614 /* FirebaseStorage */; };
		B0F93A532A9EE543001B7614 /* Signup.swift in Sources */ = {isa = PBXBuildFile; fileRef = B0F93A522A9EE543001B7614 /* Signup.swift */; };
		B0F93A562A9EF455001B7614 /* String+Extensions.swift in Sources */ = {isa = PBXBuildFile; fileRef = B0F93A552A9EF455001B7614 /* String+Extensions.swift */; };
		B0F93A592A9EF5DA001B7614 /* FirebaseAuth in Frameworks */ = {isa = PBXBuildFile; productRef = B0F93A582A9EF5DA001B7614 /* FirebaseAuth */; };
/* End PBXBuildFile section */

/* Begin PBXFileReference section */
		B03C39222A95A8B600F4D29B /* chat_app.app */ = {isa = PBXFileReference; explicitFileType = wrapper.application; includeInIndex = 0; path = chat_app.app; sourceTree = BUILT_PRODUCTS_DIR; };
		B03C39252A95A8B600F4D29B /* chat_appApp.swift */ = {isa = PBXFileReference; lastKnownFileType = sourcecode.swift; path = chat_appApp.swift; sourceTree = "<group>"; };
		B03C39272A95A8B600F4D29B /* ContentView.swift */ = {isa = PBXFileReference; lastKnownFileType = sourcecode.swift; path = ContentView.swift; sourceTree = "<group>"; };
		B03C39292A95A8B800F4D29B /* Assets.xcassets */ = {isa = PBXFileReference; lastKnownFileType = folder.assetcatalog; path = Assets.xcassets; sourceTree = "<group>"; };
		B03C392C2A95A8B800F4D29B /* Preview Assets.xcassets */ = {isa = PBXFileReference; lastKnownFileType = folder.assetcatalog; path = "Preview Assets.xcassets"; sourceTree = "<group>"; };
		B03C39332A95A94400F4D29B /* Login.swift */ = {isa = PBXFileReference; lastKnownFileType = sourcecode.swift; path = Login.swift; sourceTree = "<group>"; };
		B07374092AB8298C00E12B4F /* Home.swift */ = {isa = PBXFileReference; lastKnownFileType = sourcecode.swift; path = Home.swift; sourceTree = "<group>"; };
		B075ABD12AB8365D0068D111 /* UITextView+Extension.swift */ = {isa = PBXFileReference; lastKnownFileType = sourcecode.swift; path = "UITextView+Extension.swift"; sourceTree = "<group>"; };
		B075ABD32AB838670068D111 /* Button+Extension.swift */ = {isa = PBXFileReference; lastKnownFileType = sourcecode.swift; path = "Button+Extension.swift"; sourceTree = "<group>"; };
		B0ECC9D52A9EDCAD00A687C8 /* GoogleService-Info.plist */ = {isa = PBXFileReference; fileEncoding = 4; lastKnownFileType = text.plist.xml; path = "GoogleService-Info.plist"; sourceTree = "<group>"; };
		B0ECC9D82A9EDCD900A687C8 /* FirebaseManager.swift */ = {isa = PBXFileReference; lastKnownFileType = sourcecode.swift; path = FirebaseManager.swift; sourceTree = "<group>"; };
		B0F93A522A9EE543001B7614 /* Signup.swift */ = {isa = PBXFileReference; lastKnownFileType = sourcecode.swift; path = Signup.swift; sourceTree = "<group>"; };
		B0F93A552A9EF455001B7614 /* String+Extensions.swift */ = {isa = PBXFileReference; lastKnownFileType = sourcecode.swift; path = "String+Extensions.swift"; sourceTree = "<group>"; };
/* End PBXFileReference section */

/* Begin PBXFrameworksBuildPhase section */
		B03C391F2A95A8B600F4D29B /* Frameworks */ = {
			isa = PBXFrameworksBuildPhase;
			buildActionMask = 2147483647;
			files = (
				B0F93A442A9EE3ED001B7614 /* FirebaseAnalyticsSwift in Frameworks */,
				B0F93A482A9EE3ED001B7614 /* FirebaseCrashlytics in Frameworks */,
				B0F93A4E2A9EE3ED001B7614 /* FirebaseMessaging in Frameworks */,
				B0F93A462A9EE3ED001B7614 /* FirebaseAnalyticsWithoutAdIdSupport in Frameworks */,
				B0F93A592A9EF5DA001B7614 /* FirebaseAuth in Frameworks */,
				B07374032AB821ED00E12B4F /* IQKeyboardManagerSwift in Frameworks */,
				B0F93A4A2A9EE3ED001B7614 /* FirebaseFirestore in Frameworks */,
				B0F93A502A9EE3ED001B7614 /* FirebaseStorage in Frameworks */,
				B0F93A422A9EE3ED001B7614 /* FirebaseAnalytics in Frameworks */,
				B0F93A4C2A9EE3ED001B7614 /* FirebaseFirestoreSwift in Frameworks */,
			);
			runOnlyForDeploymentPostprocessing = 0;
		};
/* End PBXFrameworksBuildPhase section */

/* Begin PBXGroup section */
		B03C39192A95A8B600F4D29B = {
			isa = PBXGroup;
			children = (
				B03C39242A95A8B600F4D29B /* chat_app */,
				B03C39232A95A8B600F4D29B /* Products */,
				B0F93A572A9EF5DA001B7614 /* Frameworks */,
			);
			sourceTree = "<group>";
		};
		B03C39232A95A8B600F4D29B /* Products */ = {
			isa = PBXGroup;
			children = (
				B03C39222A95A8B600F4D29B /* chat_app.app */,
			);
			name = Products;
			sourceTree = "<group>";
		};
		B03C39242A95A8B600F4D29B /* chat_app */ = {
			isa = PBXGroup;
			children = (
				B0F93A542A9EF442001B7614 /* Extensions */,
				B0ECC9D72A9EDCC300A687C8 /* Network */,
				B03C39252A95A8B600F4D29B /* chat_appApp.swift */,
				B03C39272A95A8B600F4D29B /* ContentView.swift */,
				B03C39292A95A8B800F4D29B /* Assets.xcassets */,
				B0ECC9D52A9EDCAD00A687C8 /* GoogleService-Info.plist */,
				B03C392B2A95A8B800F4D29B /* Preview Content */,
				B03C39352A95A95800F4D29B /* View */,
			);
			path = chat_app;
			sourceTree = "<group>";
		};
		B03C392B2A95A8B800F4D29B /* Preview Content */ = {
			isa = PBXGroup;
			children = (
				B03C392C2A95A8B800F4D29B /* Preview Assets.xcassets */,
			);
			path = "Preview Content";
			sourceTree = "<group>";
		};
		B03C39352A95A95800F4D29B /* View */ = {
			isa = PBXGroup;
			children = (
				B0F93A512A9EE528001B7614 /* Authen */,
			);
			path = View;
			sourceTree = "<group>";
		};
		B075ABD02AB836460068D111 /* View+Extensions */ = {
			isa = PBXGroup;
			children = (
				B075ABD12AB8365D0068D111 /* UITextView+Extension.swift */,
				B075ABD32AB838670068D111 /* Button+Extension.swift */,
			);
			path = "View+Extensions";
			sourceTree = "<group>";
		};
		B0ECC9D72A9EDCC300A687C8 /* Network */ = {
			isa = PBXGroup;
			children = (
				B0ECC9D82A9EDCD900A687C8 /* FirebaseManager.swift */,
			);
			path = Network;
			sourceTree = "<group>";
		};
		B0F93A512A9EE528001B7614 /* Authen */ = {
			isa = PBXGroup;
			children = (
				B03C39332A95A94400F4D29B /* Login.swift */,
				B0F93A522A9EE543001B7614 /* Signup.swift */,
				B07374092AB8298C00E12B4F /* Home.swift */,
			);
			path = Authen;
			sourceTree = "<group>";
		};
		B0F93A542A9EF442001B7614 /* Extensions */ = {
			isa = PBXGroup;
			children = (
				B075ABD02AB836460068D111 /* View+Extensions */,
				B0F93A552A9EF455001B7614 /* String+Extensions.swift */,
			);
			path = Extensions;
			sourceTree = "<group>";
		};
		B0F93A572A9EF5DA001B7614 /* Frameworks */ = {
			isa = PBXGroup;
			children = (
			);
			name = Frameworks;
			sourceTree = "<group>";
		};
/* End PBXGroup section */

/* Begin PBXNativeTarget section */
		B03C39212A95A8B600F4D29B /* chat_app */ = {
			isa = PBXNativeTarget;
			buildConfigurationList = B03C39302A95A8B800F4D29B /* Build configuration list for PBXNativeTarget "chat_app" */;
			buildPhases = (
				B03C391E2A95A8B600F4D29B /* Sources */,
				B03C391F2A95A8B600F4D29B /* Frameworks */,
				B03C39202A95A8B600F4D29B /* Resources */,
			);
			buildRules = (
			);
			dependencies = (
			);
			name = chat_app;
			packageProductDependencies = (
				B0F93A412A9EE3ED001B7614 /* FirebaseAnalytics */,
				B0F93A432A9EE3ED001B7614 /* FirebaseAnalyticsSwift */,
				B0F93A452A9EE3ED001B7614 /* FirebaseAnalyticsWithoutAdIdSupport */,
				B0F93A472A9EE3ED001B7614 /* FirebaseCrashlytics */,
				B0F93A492A9EE3ED001B7614 /* FirebaseFirestore */,
				B0F93A4B2A9EE3ED001B7614 /* FirebaseFirestoreSwift */,
				B0F93A4D2A9EE3ED001B7614 /* FirebaseMessaging */,
				B0F93A4F2A9EE3ED001B7614 /* FirebaseStorage */,
				B0F93A582A9EF5DA001B7614 /* FirebaseAuth */,
				B07374022AB821ED00E12B4F /* IQKeyboardManagerSwift */,
			);
			productName = chat_app;
			productReference = B03C39222A95A8B600F4D29B /* chat_app.app */;
			productType = "com.apple.product-type.application";
		};
/* End PBXNativeTarget section */

/* Begin PBXProject section */
		B03C391A2A95A8B600F4D29B /* Project object */ = {
			isa = PBXProject;
			attributes = {
				BuildIndependentTargetsInParallel = 1;
				LastSwiftUpdateCheck = 1420;
				LastUpgradeCheck = 1420;
				TargetAttributes = {
					B03C39212A95A8B600F4D29B = {
						CreatedOnToolsVersion = 14.2;
					};
				};
			};
			buildConfigurationList = B03C391D2A95A8B600F4D29B /* Build configuration list for PBXProject "chat_app" */;
			compatibilityVersion = "Xcode 14.0";
			developmentRegion = en;
			hasScannedForEncodings = 0;
			knownRegions = (
				en,
				Base,
			);
			mainGroup = B03C39192A95A8B600F4D29B;
			packageReferences = (
				B0F93A402A9EE3ED001B7614 /* XCRemoteSwiftPackageReference "firebase-ios-sdk" */,
				B07374012AB821ED00E12B4F /* XCRemoteSwiftPackageReference "IQKeyboardManager" */,
				B07374042AB8224600E12B4F /* XCRemoteSwiftPackageReference "RxSwift" */,
			);
			productRefGroup = B03C39232A95A8B600F4D29B /* Products */;
			projectDirPath = "";
			projectRoot = "";
			targets = (
				B03C39212A95A8B600F4D29B /* chat_app */,
			);
		};
/* End PBXProject section */

/* Begin PBXResourcesBuildPhase section */
		B03C39202A95A8B600F4D29B /* Resources */ = {
			isa = PBXResourcesBuildPhase;
			buildActionMask = 2147483647;
			files = (
				B03C392D2A95A8B800F4D29B /* Preview Assets.xcassets in Resources */,
				B03C392A2A95A8B800F4D29B /* Assets.xcassets in Resources */,
				B0ECC9D62A9EDCAE00A687C8 /* GoogleService-Info.plist in Resources */,
			);
			runOnlyForDeploymentPostprocessing = 0;
		};
/* End PBXResourcesBuildPhase section */

/* Begin PBXSourcesBuildPhase section */
		B03C391E2A95A8B600F4D29B /* Sources */ = {
			isa = PBXSourcesBuildPhase;
			buildActionMask = 2147483647;
			files = (
				B0ECC9D92A9EDCD900A687C8 /* FirebaseManager.swift in Sources */,
				B0F93A532A9EE543001B7614 /* Signup.swift in Sources */,
				B03C39342A95A94400F4D29B /* Login.swift in Sources */,
				B075ABD22AB8365D0068D111 /* UITextView+Extension.swift in Sources */,
				B03C39282A95A8B600F4D29B /* ContentView.swift in Sources */,
				B0F93A562A9EF455001B7614 /* String+Extensions.swift in Sources */,
				B03C39262A95A8B600F4D29B /* chat_appApp.swift in Sources */,
				B073740A2AB8298C00E12B4F /* Home.swift in Sources */,
				B075ABD42AB838670068D111 /* Button+Extension.swift in Sources */,
			);
			runOnlyForDeploymentPostprocessing = 0;
		};
/* End PBXSourcesBuildPhase section */

/* Begin XCBuildConfiguration section */
		B03C392E2A95A8B800F4D29B /* Debug */ = {
			isa = XCBuildConfiguration;
			buildSettings = {
				ALWAYS_SEARCH_USER_PATHS = NO;
				CLANG_ANALYZER_NONNULL = YES;
				CLANG_ANALYZER_NUMBER_OBJECT_CONVERSION = YES_AGGRESSIVE;
				CLANG_CXX_LANGUAGE_STANDARD = "gnu++20";
				CLANG_ENABLE_MODULES = YES;
				CLANG_ENABLE_OBJC_ARC = YES;
				CLANG_ENABLE_OBJC_WEAK = YES;
				CLANG_WARN_BLOCK_CAPTURE_AUTORELEASING = YES;
				CLANG_WARN_BOOL_CONVERSION = YES;
				CLANG_WARN_COMMA = YES;
				CLANG_WARN_CONSTANT_CONVERSION = YES;
				CLANG_WARN_DEPRECATED_OBJC_IMPLEMENTATIONS = YES;
				CLANG_WARN_DIRECT_OBJC_ISA_USAGE = YES_ERROR;
				CLANG_WARN_DOCUMENTATION_COMMENTS = YES;
				CLANG_WARN_EMPTY_BODY = YES;
				CLANG_WARN_ENUM_CONVERSION = YES;
				CLANG_WARN_INFINITE_RECURSION = YES;
				CLANG_WARN_INT_CONVERSION = YES;
				CLANG_WARN_NON_LITERAL_NULL_CONVERSION = YES;
				CLANG_WARN_OBJC_IMPLICIT_RETAIN_SELF = YES;
				CLANG_WARN_OBJC_LITERAL_CONVERSION = YES;
				CLANG_WARN_OBJC_ROOT_CLASS = YES_ERROR;
				CLANG_WARN_QUOTED_INCLUDE_IN_FRAMEWORK_HEADER = YES;
				CLANG_WARN_RANGE_LOOP_ANALYSIS = YES;
				CLANG_WARN_STRICT_PROTOTYPES = YES;
				CLANG_WARN_SUSPICIOUS_MOVE = YES;
				CLANG_WARN_UNGUARDED_AVAILABILITY = YES_AGGRESSIVE;
				CLANG_WARN_UNREACHABLE_CODE = YES;
				CLANG_WARN__DUPLICATE_METHOD_MATCH = YES;
				COPY_PHASE_STRIP = NO;
				DEBUG_INFORMATION_FORMAT = dwarf;
				ENABLE_STRICT_OBJC_MSGSEND = YES;
				ENABLE_TESTABILITY = YES;
				GCC_C_LANGUAGE_STANDARD = gnu11;
				GCC_DYNAMIC_NO_PIC = NO;
				GCC_NO_COMMON_BLOCKS = YES;
				GCC_OPTIMIZATION_LEVEL = 0;
				GCC_PREPROCESSOR_DEFINITIONS = (
					"DEBUG=1",
					"$(inherited)",
				);
				GCC_WARN_64_TO_32_BIT_CONVERSION = YES;
				GCC_WARN_ABOUT_RETURN_TYPE = YES_ERROR;
				GCC_WARN_UNDECLARED_SELECTOR = YES;
				GCC_WARN_UNINITIALIZED_AUTOS = YES_AGGRESSIVE;
				GCC_WARN_UNUSED_FUNCTION = YES;
				GCC_WARN_UNUSED_VARIABLE = YES;
				IPHONEOS_DEPLOYMENT_TARGET = 16.2;
				MTL_ENABLE_DEBUG_INFO = INCLUDE_SOURCE;
				MTL_FAST_MATH = YES;
				ONLY_ACTIVE_ARCH = YES;
				SDKROOT = iphoneos;
				SWIFT_ACTIVE_COMPILATION_CONDITIONS = DEBUG;
				SWIFT_OPTIMIZATION_LEVEL = "-Onone";
			};
			name = Debug;
		};
		B03C392F2A95A8B800F4D29B /* Release */ = {
			isa = XCBuildConfiguration;
			buildSettings = {
				ALWAYS_SEARCH_USER_PATHS = NO;
				CLANG_ANALYZER_NONNULL = YES;
				CLANG_ANALYZER_NUMBER_OBJECT_CONVERSION = YES_AGGRESSIVE;
				CLANG_CXX_LANGUAGE_STANDARD = "gnu++20";
				CLANG_ENABLE_MODULES = YES;
				CLANG_ENABLE_OBJC_ARC = YES;
				CLANG_ENABLE_OBJC_WEAK = YES;
				CLANG_WARN_BLOCK_CAPTURE_AUTORELEASING = YES;
				CLANG_WARN_BOOL_CONVERSION = YES;
				CLANG_WARN_COMMA = YES;
				CLANG_WARN_CONSTANT_CONVERSION = YES;
				CLANG_WARN_DEPRECATED_OBJC_IMPLEMENTATIONS = YES;
				CLANG_WARN_DIRECT_OBJC_ISA_USAGE = YES_ERROR;
				CLANG_WARN_DOCUMENTATION_COMMENTS = YES;
				CLANG_WARN_EMPTY_BODY = YES;
				CLANG_WARN_ENUM_CONVERSION = YES;
				CLANG_WARN_INFINITE_RECURSION = YES;
				CLANG_WARN_INT_CONVERSION = YES;
				CLANG_WARN_NON_LITERAL_NULL_CONVERSION = YES;
				CLANG_WARN_OBJC_IMPLICIT_RETAIN_SELF = YES;
				CLANG_WARN_OBJC_LITERAL_CONVERSION = YES;
				CLANG_WARN_OBJC_ROOT_CLASS = YES_ERROR;
				CLANG_WARN_QUOTED_INCLUDE_IN_FRAMEWORK_HEADER = YES;
				CLANG_WARN_RANGE_LOOP_ANALYSIS = YES;
				CLANG_WARN_STRICT_PROTOTYPES = YES;
				CLANG_WARN_SUSPICIOUS_MOVE = YES;
				CLANG_WARN_UNGUARDED_AVAILABILITY = YES_AGGRESSIVE;
				CLANG_WARN_UNREACHABLE_CODE = YES;
				CLANG_WARN__DUPLICATE_METHOD_MATCH = YES;
				COPY_PHASE_STRIP = NO;
				DEBUG_INFORMATION_FORMAT = "dwarf-with-dsym";
				ENABLE_NS_ASSERTIONS = NO;
				ENABLE_STRICT_OBJC_MSGSEND = YES;
				GCC_C_LANGUAGE_STANDARD = gnu11;
				GCC_NO_COMMON_BLOCKS = YES;
				GCC_WARN_64_TO_32_BIT_CONVERSION = YES;
				GCC_WARN_ABOUT_RETURN_TYPE = YES_ERROR;
				GCC_WARN_UNDECLARED_SELECTOR = YES;
				GCC_WARN_UNINITIALIZED_AUTOS = YES_AGGRESSIVE;
				GCC_WARN_UNUSED_FUNCTION = YES;
				GCC_WARN_UNUSED_VARIABLE = YES;
				IPHONEOS_DEPLOYMENT_TARGET = 16.2;
				MTL_ENABLE_DEBUG_INFO = NO;
				MTL_FAST_MATH = YES;
				SDKROOT = iphoneos;
				SWIFT_COMPILATION_MODE = wholemodule;
				SWIFT_OPTIMIZATION_LEVEL = "-O";
				VALIDATE_PRODUCT = YES;
			};
			name = Release;
		};
		B03C39312A95A8B800F4D29B /* Debug */ = {
			isa = XCBuildConfiguration;
			buildSettings = {
				ASSETCATALOG_COMPILER_APPICON_NAME = AppIcon;
				ASSETCATALOG_COMPILER_GLOBAL_ACCENT_COLOR_NAME = AccentColor;
				CODE_SIGN_STYLE = Automatic;
				CURRENT_PROJECT_VERSION = 1;
				DEVELOPMENT_ASSET_PATHS = "\"chat_app/Preview Content\"";
				DEVELOPMENT_TEAM = 6X65C5DGP9;
				ENABLE_PREVIEWS = YES;
				GENERATE_INFOPLIST_FILE = YES;
				INFOPLIST_KEY_UIApplicationSceneManifest_Generation = YES;
				INFOPLIST_KEY_UIApplicationSupportsIndirectInputEvents = YES;
				INFOPLIST_KEY_UILaunchScreen_Generation = YES;
				INFOPLIST_KEY_UISupportedInterfaceOrientations_iPad = "UIInterfaceOrientationPortrait UIInterfaceOrientationPortraitUpsideDown UIInterfaceOrientationLandscapeLeft UIInterfaceOrientationLandscapeRight";
				INFOPLIST_KEY_UISupportedInterfaceOrientations_iPhone = "UIInterfaceOrientationPortrait UIInterfaceOrientationLandscapeLeft UIInterfaceOrientationLandscapeRight";
				IPHONEOS_DEPLOYMENT_TARGET = 14.0;
				LD_RUNPATH_SEARCH_PATHS = (
					"$(inherited)",
					"@executable_path/Frameworks",
				);
				MARKETING_VERSION = 1.0;
				PRODUCT_BUNDLE_IDENTIFIER = "edwardlauv.chat-app";
				PRODUCT_NAME = "$(TARGET_NAME)";
				SWIFT_EMIT_LOC_STRINGS = YES;
				SWIFT_VERSION = 5.0;
				TARGETED_DEVICE_FAMILY = "1,2";
			};
			name = Debug;
		};
		B03C39322A95A8B800F4D29B /* Release */ = {
			isa = XCBuildConfiguration;
			buildSettings = {
				ASSETCATALOG_COMPILER_APPICON_NAME = AppIcon;
				ASSETCATALOG_COMPILER_GLOBAL_ACCENT_COLOR_NAME = AccentColor;
				CODE_SIGN_STYLE = Automatic;
				CURRENT_PROJECT_VERSION = 1;
				DEVELOPMENT_ASSET_PATHS = "\"chat_app/Preview Content\"";
				DEVELOPMENT_TEAM = 6X65C5DGP9;
				ENABLE_PREVIEWS = YES;
				GENERATE_INFOPLIST_FILE = YES;
				INFOPLIST_KEY_UIApplicationSceneManifest_Generation = YES;
				INFOPLIST_KEY_UIApplicationSupportsIndirectInputEvents = YES;
				INFOPLIST_KEY_UILaunchScreen_Generation = YES;
				INFOPLIST_KEY_UISupportedInterfaceOrientations_iPad = "UIInterfaceOrientationPortrait UIInterfaceOrientationPortraitUpsideDown UIInterfaceOrientationLandscapeLeft UIInterfaceOrientationLandscapeRight";
				INFOPLIST_KEY_UISupportedInterfaceOrientations_iPhone = "UIInterfaceOrientationPortrait UIInterfaceOrientationLandscapeLeft UIInterfaceOrientationLandscapeRight";
				IPHONEOS_DEPLOYMENT_TARGET = 14.0;
				LD_RUNPATH_SEARCH_PATHS = (
					"$(inherited)",
					"@executable_path/Frameworks",
				);
				MARKETING_VERSION = 1.0;
				PRODUCT_BUNDLE_IDENTIFIER = "edwardlauv.chat-app";
				PRODUCT_NAME = "$(TARGET_NAME)";
				SWIFT_EMIT_LOC_STRINGS = YES;
				SWIFT_VERSION = 5.0;
				TARGETED_DEVICE_FAMILY = "1,2";
			};
			name = Release;
		};
/* End XCBuildConfiguration section */

/* Begin XCConfigurationList section */
		B03C391D2A95A8B600F4D29B /* Build configuration list for PBXProject "chat_app" */ = {
			isa = XCConfigurationList;
			buildConfigurations = (
				B03C392E2A95A8B800F4D29B /* Debug */,
				B03C392F2A95A8B800F4D29B /* Release */,
			);
			defaultConfigurationIsVisible = 0;
			defaultConfigurationName = Release;
		};
		B03C39302A95A8B800F4D29B /* Build configuration list for PBXNativeTarget "chat_app" */ = {
			isa = XCConfigurationList;
			buildConfigurations = (
				B03C39312A95A8B800F4D29B /* Debug */,
				B03C39322A95A8B800F4D29B /* Release */,
			);
			defaultConfigurationIsVisible = 0;
			defaultConfigurationName = Release;
		};
/* End XCConfigurationList section */

/* Begin XCRemoteSwiftPackageReference section */
		B07374012AB821ED00E12B4F /* XCRemoteSwiftPackageReference "IQKeyboardManager" */ = {
			isa = XCRemoteSwiftPackageReference;
			repositoryURL = "https://github.com/hackiftekhar/IQKeyboardManager";
			requirement = {
				kind = upToNextMajorVersion;
				minimumVersion = 6.0.0;
			};
		};
		B07374042AB8224600E12B4F /* XCRemoteSwiftPackageReference "RxSwift" */ = {
			isa = XCRemoteSwiftPackageReference;
			repositoryURL = "https://github.com/ReactiveX/RxSwift";
			requirement = {
				kind = upToNextMinorVersion;
				minimumVersion = 6.6.0;
			};
		};
		B0F93A402A9EE3ED001B7614 /* XCRemoteSwiftPackageReference "firebase-ios-sdk" */ = {
			isa = XCRemoteSwiftPackageReference;
			repositoryURL = "https://github.com/firebase/firebase-ios-sdk";
			requirement = {
				branch = master;
				kind = branch;
			};
		};
/* End XCRemoteSwiftPackageReference section */

/* Begin XCSwiftPackageProductDependency section */
		B07374022AB821ED00E12B4F /* IQKeyboardManagerSwift */ = {
			isa = XCSwiftPackageProductDependency;
			package = B07374012AB821ED00E12B4F /* XCRemoteSwiftPackageReference "IQKeyboardManager" */;
			productName = IQKeyboardManagerSwift;
		};
		B0F93A412A9EE3ED001B7614 /* FirebaseAnalytics */ = {
			isa = XCSwiftPackageProductDependency;
			package = B0F93A402A9EE3ED001B7614 /* XCRemoteSwiftPackageReference "firebase-ios-sdk" */;
			productName = FirebaseAnalytics;
		};
		B0F93A432A9EE3ED001B7614 /* FirebaseAnalyticsSwift */ = {
			isa = XCSwiftPackageProductDependency;
			package = B0F93A402A9EE3ED001B7614 /* XCRemoteSwiftPackageReference "firebase-ios-sdk" */;
			productName = FirebaseAnalyticsSwift;
		};
		B0F93A452A9EE3ED001B7614 /* FirebaseAnalyticsWithoutAdIdSupport */ = {
			isa = XCSwiftPackageProductDependency;
			package = B0F93A402A9EE3ED001B7614 /* XCRemoteSwiftPackageReference "firebase-ios-sdk" */;
			productName = FirebaseAnalyticsWithoutAdIdSupport;
		};
		B0F93A472A9EE3ED001B7614 /* FirebaseCrashlytics */ = {
			isa = XCSwiftPackageProductDependency;
			package = B0F93A402A9EE3ED001B7614 /* XCRemoteSwiftPackageReference "firebase-ios-sdk" */;
			productName = FirebaseCrashlytics;
		};
		B0F93A492A9EE3ED001B7614 /* FirebaseFirestore */ = {
			isa = XCSwiftPackageProductDependency;
			package = B0F93A402A9EE3ED001B7614 /* XCRemoteSwiftPackageReference "firebase-ios-sdk" */;
			productName = FirebaseFirestore;
		};
		B0F93A4B2A9EE3ED001B7614 /* FirebaseFirestoreSwift */ = {
			isa = XCSwiftPackageProductDependency;
			package = B0F93A402A9EE3ED001B7614 /* XCRemoteSwiftPackageReference "firebase-ios-sdk" */;
			productName = FirebaseFirestoreSwift;
		};
		B0F93A4D2A9EE3ED001B7614 /* FirebaseMessaging */ = {
			isa = XCSwiftPackageProductDependency;
			package = B0F93A402A9EE3ED001B7614 /* XCRemoteSwiftPackageReference "firebase-ios-sdk" */;
			productName = FirebaseMessaging;
		};
		B0F93A4F2A9EE3ED001B7614 /* FirebaseStorage */ = {
			isa = XCSwiftPackageProductDependency;
			package = B0F93A402A9EE3ED001B7614 /* XCRemoteSwiftPackageReference "firebase-ios-sdk" */;
			productName = FirebaseStorage;
		};
		B0F93A582A9EF5DA001B7614 /* FirebaseAuth */ = {
			isa = XCSwiftPackageProductDependency;
			package = B0F93A402A9EE3ED001B7614 /* XCRemoteSwiftPackageReference "firebase-ios-sdk" */;
			productName = FirebaseAuth;
		};
/* End XCSwiftPackageProductDependency section */
	};
	rootObject = B03C391A2A95A8B600F4D29B /* Project object */;
}
